
Microsoft Visual Studio Solution File, Format Version 12.00
# Visual Studio Version 16
VisualStudioVersion = 16.0.28803.156
MinimumVisualStudioVersion = 10.0.40219.1
Project("{FAE04EC0-301F-11D3-BF4B-00C04F79EFBC}") = "leahking_S00187348", "leahking_S00187348\leahking_S00187348.csproj", "{5FB5C902-CCEF-443C-B330-3D94C45A8419}"
EndProject
Global
	GlobalSection(SolutionConfigurationPlatforms) = preSolution
		Debug|Any CPU = Debug|Any CPU
		Release|Any CPU = Release|Any CPU
	EndGlobalSection
	GlobalSection(ProjectConfigurationPlatforms) = postSolution
		{5FB5C902-CCEF-443C-B330-3D94C45A8419}.Debug|Any CPU.ActiveCfg = Debug|Any CPU
		{5FB5C902-CCEF-443C-B330-3D94C45A8419}.Debug|Any CPU.Build.0 = Debug|Any CPU
		{5FB5C902-CCEF-443C-B330-3D94C45A8419}.Release|Any CPU.ActiveCfg = Release|Any CPU
		{5FB5C902-CCEF-443C-B330-3D94C45A8419}.Release|Any CPU.Build.0 = Release|Any CPU
	EndGlobalSection
	GlobalSection(SolutionProperties) = preSolution
		HideSolutionNode = FALSE
	EndGlobalSection
	GlobalSection(ExtensibilityGlobals) = postSolution
		SolutionGuid = {A140311E-32DB-494F-A6EA-90CE321FBD01}
	EndGlobalSection
EndGlobal
